
Microsoft Visual Studio Solution File, Format Version 12.00
# Visual Studio Version 17
VisualStudioVersion = 17.3.32922.545
MinimumVisualStudioVersion = 10.0.40219.1
Project("{9A19103F-16F7-4668-BE54-9A1E7A4F7556}") = "BlazorMedia.Server", "BlazorMedia\Server\BlazorMedia.Server.csproj", "{64D80A81-F167-4F11-9EC9-213739BD0FAD}"
EndProject
Project("{9A19103F-16F7-4668-BE54-9A1E7A4F7556}") = "BlazorMedia.Client", "BlazorMedia\Client\BlazorMedia.Client.csproj", "{8AE80E7B-CB1D-4C56-9218-5B3CB940D081}"
EndProject
Project("{9A19103F-16F7-4668-BE54-9A1E7A4F7556}") = "BlazorMedia.DomainModel", "BlazorMedia.DomainModel\BlazorMedia.DomainModel.csproj", "{635AF384-F3F2-4197-AD56-9B4F56CD3A5D}"
EndProject
Global
	GlobalSection(SolutionConfigurationPlatforms) = preSolution
		Debug|Any CPU = Debug|Any CPU
		Release|Any CPU = Release|Any CPU
	EndGlobalSection
	GlobalSection(ProjectConfigurationPlatforms) = postSolution
		{64D80A81-F167-4F11-9EC9-213739BD0FAD}.Debug|Any CPU.ActiveCfg = Debug|Any CPU
		{64D80A81-F167-4F11-9EC9-213739BD0FAD}.Debug|Any CPU.Build.0 = Debug|Any CPU
		{64D80A81-F167-4F11-9EC9-213739BD0FAD}.Release|Any CPU.ActiveCfg = Release|Any CPU
		{64D80A81-F167-4F11-9EC9-213739BD0FAD}.Release|Any CPU.Build.0 = Release|Any CPU
		{8AE80E7B-CB1D-4C56-9218-5B3CB940D081}.Debug|Any CPU.ActiveCfg = Debug|Any CPU
		{8AE80E7B-CB1D-4C56-9218-5B3CB940D081}.Debug|Any CPU.Build.0 = Debug|Any CPU
		{8AE80E7B-CB1D-4C56-9218-5B3CB940D081}.Release|Any CPU.ActiveCfg = Release|Any CPU
		{8AE80E7B-CB1D-4C56-9218-5B3CB940D081}.Release|Any CPU.Build.0 = Release|Any CPU
		{635AF384-F3F2-4197-AD56-9B4F56CD3A5D}.Debug|Any CPU.ActiveCfg = Debug|Any CPU
		{635AF384-F3F2-4197-AD56-9B4F56CD3A5D}.Debug|Any CPU.Build.0 = Debug|Any CPU
		{635AF384-F3F2-4197-AD56-9B4F56CD3A5D}.Release|Any CPU.ActiveCfg = Release|Any CPU
		{635AF384-F3F2-4197-AD56-9B4F56CD3A5D}.Release|Any CPU.Build.0 = Release|Any CPU
	EndGlobalSection
	GlobalSection(SolutionProperties) = preSolution
		HideSolutionNode = FALSE
	EndGlobalSection
	GlobalSection(ExtensibilityGlobals) = postSolution
		SolutionGuid = {263F6108-1FE7-41FE-9CDE-0783A690D4AE}
	EndGlobalSection
EndGlobal
